{
  "name": "uiux",
  "version": "1.0.0",
  "lockfileVersion": 3,
  "requires": true,
  "packages": {
    "": {
      "name": "uiux",
      "version": "1.0.0",
      "license": "ISC",
      "devDependencies": {
        "@google/stitch": "^0.11.0"
      }
    },
    "node_modules/@google/stitch": {
      "version": "0.11.0",
      "resolved": "https://registry.npmjs.org/@google/stitch/-/stitch-0.11.0.tgz",
      "integrity": "sha512-y3h7s3ZzNciTfQWQv3paf2BLjMC9N06aFNknJ/V8CoA6qCzyP5k5xRmLpvT9fxHK6E1ymfzhMvD2JzlUOcyRaQ==",
      "dev": true,
      "license": "Apache-2.0",
      "workspaces": [
        "adapters/*"
      ],
      "dependencies": {
        "zod": "^4.3.6"
      },
      "bin": {
        "stitch": "dist/stitch.js",
        "stitch-mcp": "dist/mcp.js"
      },
      "engines": {
        "node": ">=20"
      },
      "peerDependencies": {
        "typescript": "^5"
      },
      "peerDependenciesMeta": {
        "typescript": {
          "optional": true
        }
      }
    },
    "node_modules/zod": {
      "version": "4.6.5",
      "resolved": "https://registry.npmjs.org/zod/-/zod-4.6.5.tgz",
      "integrity": "sha512-v5l/aFXZQeai4awLbOpSoHecE9UiMrnfx75tEXLjNonXVARxQ5mOeipTjROUchszUNCqnE+hqAMujRsRHsut2Q==",
      "dev": true,
      "license": "MIT",
      "funding": {
        "url": "https://github.com/sponsors/colinhacks"
      }
    }
  }
}
